// !$*UTF8*$!
{
	archiveVersion = 1;
	classes = {
	};
	objectVersion = 56;
	objects = {

/* Begin PBXBuildFile section */
		C36DB013293C87F800F7718B /* FootballApp.swift in Sources */ = {isa = PBXBuildFile; fileRef = C36DB012293C87F800F7718B /* FootballApp.swift */; };
		C36DB015293C87F800F7718B /* ContentView.swift in Sources */ = {isa = PBXBuildFile; fileRef = C36DB014293C87F800F7718B /* ContentView.swift */; };
		C36DB017293C87FD00F7718B /* Assets.xcassets in Resources */ = {isa = PBXBuildFile; fileRef = C36DB016293C87FD00F7718B /* Assets.xcassets */; };
		C36DB01A293C87FD00F7718B /* Preview Assets.xcassets in Resources */ = {isa = PBXBuildFile; fileRef = C36DB019293C87FD00F7718B /* Preview Assets.xcassets */; };
		C36DB025293C88AA00F7718B /* brand.json in Resources */ = {isa = PBXBuildFile; fileRef = C36DB021293C88AA00F7718B /* brand.json */; };
		C36DB026293C88AA00F7718B /* player.json in Resources */ = {isa = PBXBuildFile; fileRef = C36DB022293C88AA00F7718B /* player.json */; };
		C36DB027293C88AA00F7718B /* category.json in Resources */ = {isa = PBXBuildFile; fileRef = C36DB023293C88AA00F7718B /* category.json */; };
		C36DB028293C88AA00F7718B /* product.json in Resources */ = {isa = PBXBuildFile; fileRef = C36DB024293C88AA00F7718B /* product.json */; };
		C36DB031293C89E400F7718B /* Constant.swift in Sources */ = {isa = PBXBuildFile; fileRef = C36DB030293C89E400F7718B /* Constant.swift */; };
		C36DB034293C8B8B00F7718B /* FooterView.swift in Sources */ = {isa = PBXBuildFile; fileRef = C36DB033293C8B8B00F7718B /* FooterView.swift */; };
		C36DB036293CB7B700F7718B /* NavigationBarView.swift in Sources */ = {isa = PBXBuildFile; fileRef = C36DB035293CB7B700F7718B /* NavigationBarView.swift */; };
		C36DB038293CB8A800F7718B /* LogoView.swift in Sources */ = {isa = PBXBuildFile; fileRef = C36DB037293CB8A800F7718B /* LogoView.swift */; };
		C36DB03A293CBB5500F7718B /* UIApplication+Extension.swift in Sources */ = {isa = PBXBuildFile; fileRef = C36DB039293CBB5500F7718B /* UIApplication+Extension.swift */; };
		C36DB03C293CBBB700F7718B /* UIViewController+Extension.swift in Sources */ = {isa = PBXBuildFile; fileRef = C36DB03B293CBBB700F7718B /* UIViewController+Extension.swift */; };
/* End PBXBuildFile section */

/* Begin PBXFileReference section */
		C36DB00F293C87F800F7718B /* Football.app */ = {isa = PBXFileReference; explicitFileType = wrapper.application; includeInIndex = 0; path = Football.app; sourceTree = BUILT_PRODUCTS_DIR; };
		C36DB012293C87F800F7718B /* FootballApp.swift */ = {isa = PBXFileReference; lastKnownFileType = sourcecode.swift; path = FootballApp.swift; sourceTree = "<group>"; };
		C36DB014293C87F800F7718B /* ContentView.swift */ = {isa = PBXFileReference; lastKnownFileType = sourcecode.swift; path = ContentView.swift; sourceTree = "<group>"; };
		C36DB016293C87FD00F7718B /* Assets.xcassets */ = {isa = PBXFileReference; lastKnownFileType = folder.assetcatalog; path = Assets.xcassets; sourceTree = "<group>"; };
		C36DB019293C87FD00F7718B /* Preview Assets.xcassets */ = {isa = PBXFileReference; lastKnownFileType = folder.assetcatalog; path = "Preview Assets.xcassets"; sourceTree = "<group>"; };
		C36DB021293C88AA00F7718B /* brand.json */ = {isa = PBXFileReference; fileEncoding = 4; lastKnownFileType = text.json; path = brand.json; sourceTree = "<group>"; };
		C36DB022293C88AA00F7718B /* player.json */ = {isa = PBXFileReference; fileEncoding = 4; lastKnownFileType = text.json; path = player.json; sourceTree = "<group>"; };
		C36DB023293C88AA00F7718B /* category.json */ = {isa = PBXFileReference; fileEncoding = 4; lastKnownFileType = text.json; path = category.json; sourceTree = "<group>"; };
		C36DB024293C88AA00F7718B /* product.json */ = {isa = PBXFileReference; fileEncoding = 4; lastKnownFileType = text.json; path = product.json; sourceTree = "<group>"; };
		C36DB029293C892B00F7718B /* Info.plist */ = {isa = PBXFileReference; lastKnownFileType = text.plist; path = Info.plist; sourceTree = "<group>"; };
		C36DB030293C89E400F7718B /* Constant.swift */ = {isa = PBXFileReference; lastKnownFileType = sourcecode.swift; path = Constant.swift; sourceTree = "<group>"; };
		C36DB033293C8B8B00F7718B /* FooterView.swift */ = {isa = PBXFileReference; lastKnownFileType = sourcecode.swift; path = FooterView.swift; sourceTree = "<group>"; };
		C36DB035293CB7B700F7718B /* NavigationBarView.swift */ = {isa = PBXFileReference; lastKnownFileType = sourcecode.swift; path = NavigationBarView.swift; sourceTree = "<group>"; };
		C36DB037293CB8A800F7718B /* LogoView.swift */ = {isa = PBXFileReference; lastKnownFileType = sourcecode.swift; path = LogoView.swift; sourceTree = "<group>"; };
		C36DB039293CBB5500F7718B /* UIApplication+Extension.swift */ = {isa = PBXFileReference; lastKnownFileType = sourcecode.swift; path = "UIApplication+Extension.swift"; sourceTree = "<group>"; };
		C36DB03B293CBBB700F7718B /* UIViewController+Extension.swift */ = {isa = PBXFileReference; lastKnownFileType = sourcecode.swift; path = "UIViewController+Extension.swift"; sourceTree = "<group>"; };
/* End PBXFileReference section */

/* Begin PBXFrameworksBuildPhase section */
		C36DB00C293C87F800F7718B /* Frameworks */ = {
			isa = PBXFrameworksBuildPhase;
			buildActionMask = 2147483647;
			files = (
			);
			runOnlyForDeploymentPostprocessing = 0;
		};
/* End PBXFrameworksBuildPhase section */

/* Begin PBXGroup section */
		C36DB006293C87F800F7718B = {
			isa = PBXGroup;
			children = (
				C36DB011293C87F800F7718B /* Football */,
				C36DB010293C87F800F7718B /* Products */,
			);
			sourceTree = "<group>";
		};
		C36DB010293C87F800F7718B /* Products */ = {
			isa = PBXGroup;
			children = (
				C36DB00F293C87F800F7718B /* Football.app */,
			);
			name = Products;
			sourceTree = "<group>";
		};
		C36DB011293C87F800F7718B /* Football */ = {
			isa = PBXGroup;
			children = (
				C36DB02F293C89B900F7718B /* Utils */,
				C36DB02E293C89B100F7718B /* Extension */,
				C36DB02D293C89AB00F7718B /* Model */,
				C36DB032293C8B2500F7718B /* View */,
				C36DB020293C88AA00F7718B /* Data */,
				C36DB02A293C899500F7718B /* App */,
				C36DB029293C892B00F7718B /* Info.plist */,
				C36DB016293C87FD00F7718B /* Assets.xcassets */,
				C36DB018293C87FD00F7718B /* Preview Content */,
			);
			path = Football;
			sourceTree = "<group>";
		};
		C36DB018293C87FD00F7718B /* Preview Content */ = {
			isa = PBXGroup;
			children = (
				C36DB019293C87FD00F7718B /* Preview Assets.xcassets */,
			);
			path = "Preview Content";
			sourceTree = "<group>";
		};
		C36DB020293C88AA00F7718B /* Data */ = {
			isa = PBXGroup;
			children = (
				C36DB021293C88AA00F7718B /* brand.json */,
				C36DB022293C88AA00F7718B /* player.json */,
				C36DB023293C88AA00F7718B /* category.json */,
				C36DB024293C88AA00F7718B /* product.json */,
			);
			path = Data;
			sourceTree = "<group>";
		};
		C36DB02A293C899500F7718B /* App */ = {
			isa = PBXGroup;
			children = (
				C36DB012293C87F800F7718B /* FootballApp.swift */,
				C36DB014293C87F800F7718B /* ContentView.swift */,
			);
			path = App;
			sourceTree = "<group>";
		};
		C36DB02B293C89A300F7718B /* Home */ = {
			isa = PBXGroup;
			children = (
				C36DB033293C8B8B00F7718B /* FooterView.swift */,
				C36DB035293CB7B700F7718B /* NavigationBarView.swift */,
				C36DB037293CB8A800F7718B /* LogoView.swift */,
			);
			path = Home;
			sourceTree = "<group>";
		};
		C36DB02C293C89A800F7718B /* Detail */ = {
			isa = PBXGroup;
			children = (
			);
			path = Detail;
			sourceTree = "<group>";
		};
		C36DB02D293C89AB00F7718B /* Model */ = {
			isa = PBXGroup;
			children = (
			);
			path = Model;
			sourceTree = "<group>";
		};
		C36DB02E293C89B100F7718B /* Extension */ = {
			isa = PBXGroup;
			children = (
				C36DB039293CBB5500F7718B /* UIApplication+Extension.swift */,
				C36DB03B293CBBB700F7718B /* UIViewController+Extension.swift */,
			);
			path = Extension;
			sourceTree = "<group>";
		};
		C36DB02F293C89B900F7718B /* Utils */ = {
			isa = PBXGroup;
			children = (
				C36DB030293C89E400F7718B /* Constant.swift */,
			);
			path = Utils;
			sourceTree = "<group>";
		};
		C36DB032293C8B2500F7718B /* View */ = {
			isa = PBXGroup;
			children = (
				C36DB02C293C89A800F7718B /* Detail */,
				C36DB02B293C89A300F7718B /* Home */,
			);
			path = View;
			sourceTree = "<group>";
		};
/* End PBXGroup section */

/* Begin PBXNativeTarget section */
		C36DB00E293C87F800F7718B /* Football */ = {
			isa = PBXNativeTarget;
			buildConfigurationList = C36DB01D293C87FD00F7718B /* Build configuration list for PBXNativeTarget "Football" */;
			buildPhases = (
				C36DB00B293C87F800F7718B /* Sources */,
				C36DB00C293C87F800F7718B /* Frameworks */,
				C36DB00D293C87F800F7718B /* Resources */,
			);
			buildRules = (
			);
			dependencies = (
			);
			name = Football;
			productName = Football;
			productReference = C36DB00F293C87F800F7718B /* Football.app */;
			productType = "com.apple.product-type.application";
		};
/* End PBXNativeTarget section */

/* Begin PBXProject section */
		C36DB007293C87F800F7718B /* Project object */ = {
			isa = PBXProject;
			attributes = {
				BuildIndependentTargetsInParallel = 1;
				LastSwiftUpdateCheck = 1410;
				LastUpgradeCheck = 1410;
				TargetAttributes = {
					C36DB00E293C87F800F7718B = {
						CreatedOnToolsVersion = 14.1;
					};
				};
			};
			buildConfigurationList = C36DB00A293C87F800F7718B /* Build configuration list for PBXProject "Football" */;
			compatibilityVersion = "Xcode 14.0";
			developmentRegion = en;
			hasScannedForEncodings = 0;
			knownRegions = (
				en,
				Base,
			);
			mainGroup = C36DB006293C87F800F7718B;
			productRefGroup = C36DB010293C87F800F7718B /* Products */;
			projectDirPath = "";
			projectRoot = "";
			targets = (
				C36DB00E293C87F800F7718B /* Football */,
			);
		};
/* End PBXProject section */

/* Begin PBXResourcesBuildPhase section */
		C36DB00D293C87F800F7718B /* Resources */ = {
			isa = PBXResourcesBuildPhase;
			buildActionMask = 2147483647;
			files = (
				C36DB026293C88AA00F7718B /* player.json in Resources */,
				C36DB01A293C87FD00F7718B /* Preview Assets.xcassets in Resources */,
				C36DB027293C88AA00F7718B /* category.json in Resources */,
				C36DB017293C87FD00F7718B /* Assets.xcassets in Resources */,
				C36DB025293C88AA00F7718B /* brand.json in Resources */,
				C36DB028293C88AA00F7718B /* product.json in Resources */,
			);
			runOnlyForDeploymentPostprocessing = 0;
		};
/* End PBXResourcesBuildPhase section */

/* Begin PBXSourcesBuildPhase section */
		C36DB00B293C87F800F7718B /* Sources */ = {
			isa = PBXSourcesBuildPhase;
			buildActionMask = 2147483647;
			files = (
				C36DB03C293CBBB700F7718B /* UIViewController+Extension.swift in Sources */,
				C36DB015293C87F800F7718B /* ContentView.swift in Sources */,
				C36DB038293CB8A800F7718B /* LogoView.swift in Sources */,
				C36DB034293C8B8B00F7718B /* FooterView.swift in Sources */,
				C36DB013293C87F800F7718B /* FootballApp.swift in Sources */,
				C36DB031293C89E400F7718B /* Constant.swift in Sources */,
				C36DB036293CB7B700F7718B /* NavigationBarView.swift in Sources */,
				C36DB03A293CBB5500F7718B /* UIApplication+Extension.swift in Sources */,
			);
			runOnlyForDeploymentPostprocessing = 0;
		};
/* End PBXSourcesBuildPhase section */

/* Begin XCBuildConfiguration section */
		C36DB01B293C87FD00F7718B /* Debug */ = {
			isa = XCBuildConfiguration;
			buildSettings = {
				ALWAYS_SEARCH_USER_PATHS = NO;
				CLANG_ANALYZER_NONNULL = YES;
				CLANG_ANALYZER_NUMBER_OBJECT_CONVERSION = YES_AGGRESSIVE;
				CLANG_CXX_LANGUAGE_STANDARD = "gnu++20";
				CLANG_ENABLE_MODULES = YES;
				CLANG_ENABLE_OBJC_ARC = YES;
				CLANG_ENABLE_OBJC_WEAK = YES;
				CLANG_WARN_BLOCK_CAPTURE_AUTORELEASING = YES;
				CLANG_WARN_BOOL_CONVERSION = YES;
				CLANG_WARN_COMMA = YES;
				CLANG_WARN_CONSTANT_CONVERSION = YES;
				CLANG_WARN_DEPRECATED_OBJC_IMPLEMENTATIONS = YES;
				CLANG_WARN_DIRECT_OBJC_ISA_USAGE = YES_ERROR;
				CLANG_WARN_DOCUMENTATION_COMMENTS = YES;
				CLANG_WARN_EMPTY_BODY = YES;
				CLANG_WARN_ENUM_CONVERSION = YES;
				CLANG_WARN_INFINITE_RECURSION = YES;
				CLANG_WARN_INT_CONVERSION = YES;
				CLANG_WARN_NON_LITERAL_NULL_CONVERSION = YES;
				CLANG_WARN_OBJC_IMPLICIT_RETAIN_SELF = YES;
				CLANG_WARN_OBJC_LITERAL_CONVERSION = YES;
				CLANG_WARN_OBJC_ROOT_CLASS = YES_ERROR;
				CLANG_WARN_QUOTED_INCLUDE_IN_FRAMEWORK_HEADER = YES;
				CLANG_WARN_RANGE_LOOP_ANALYSIS = YES;
				CLANG_WARN_STRICT_PROTOTYPES = YES;
				CLANG_WARN_SUSPICIOUS_MOVE = YES;
				CLANG_WARN_UNGUARDED_AVAILABILITY = YES_AGGRESSIVE;
				CLANG_WARN_UNREACHABLE_CODE = YES;
				CLANG_WARN__DUPLICATE_METHOD_MATCH = YES;
				COPY_PHASE_STRIP = NO;
				DEBUG_INFORMATION_FORMAT = dwarf;
				ENABLE_STRICT_OBJC_MSGSEND = YES;
				ENABLE_TESTABILITY = YES;
				GCC_C_LANGUAGE_STANDARD = gnu11;
				GCC_DYNAMIC_NO_PIC = NO;
				GCC_NO_COMMON_BLOCKS = YES;
				GCC_OPTIMIZATION_LEVEL = 0;
				GCC_PREPROCESSOR_DEFINITIONS = (
					"DEBUG=1",
					"$(inherited)",
				);
				GCC_WARN_64_TO_32_BIT_CONVERSION = YES;
				GCC_WARN_ABOUT_RETURN_TYPE = YES_ERROR;
				GCC_WARN_UNDECLARED_SELECTOR = YES;
				GCC_WARN_UNINITIALIZED_AUTOS = YES_AGGRESSIVE;
				GCC_WARN_UNUSED_FUNCTION = YES;
				GCC_WARN_UNUSED_VARIABLE = YES;
				IPHONEOS_DEPLOYMENT_TARGET = 16.1;
				MTL_ENABLE_DEBUG_INFO = INCLUDE_SOURCE;
				MTL_FAST_MATH = YES;
				ONLY_ACTIVE_ARCH = YES;
				SDKROOT = iphoneos;
				SWIFT_ACTIVE_COMPILATION_CONDITIONS = DEBUG;
				SWIFT_OPTIMIZATION_LEVEL = "-Onone";
			};
			name = Debug;
		};
		C36DB01C293C87FD00F7718B /* Release */ = {
			isa = XCBuildConfiguration;
			buildSettings = {
				ALWAYS_SEARCH_USER_PATHS = NO;
				CLANG_ANALYZER_NONNULL = YES;
				CLANG_ANALYZER_NUMBER_OBJECT_CONVERSION = YES_AGGRESSIVE;
				CLANG_CXX_LANGUAGE_STANDARD = "gnu++20";
				CLANG_ENABLE_MODULES = YES;
				CLANG_ENABLE_OBJC_ARC = YES;
				CLANG_ENABLE_OBJC_WEAK = YES;
				CLANG_WARN_BLOCK_CAPTURE_AUTORELEASING = YES;
				CLANG_WARN_BOOL_CONVERSION = YES;
				CLANG_WARN_COMMA = YES;
				CLANG_WARN_CONSTANT_CONVERSION = YES;
				CLANG_WARN_DEPRECATED_OBJC_IMPLEMENTATIONS = YES;
				CLANG_WARN_DIRECT_OBJC_ISA_USAGE = YES_ERROR;
				CLANG_WARN_DOCUMENTATION_COMMENTS = YES;
				CLANG_WARN_EMPTY_BODY = YES;
				CLANG_WARN_ENUM_CONVERSION = YES;
				CLANG_WARN_INFINITE_RECURSION = YES;
				CLANG_WARN_INT_CONVERSION = YES;
				CLANG_WARN_NON_LITERAL_NULL_CONVERSION = YES;
				CLANG_WARN_OBJC_IMPLICIT_RETAIN_SELF = YES;
				CLANG_WARN_OBJC_LITERAL_CONVERSION = YES;
				CLANG_WARN_OBJC_ROOT_CLASS = YES_ERROR;
				CLANG_WARN_QUOTED_INCLUDE_IN_FRAMEWORK_HEADER = YES;
				CLANG_WARN_RANGE_LOOP_ANALYSIS = YES;
				CLANG_WARN_STRICT_PROTOTYPES = YES;
				CLANG_WARN_SUSPICIOUS_MOVE = YES;
				CLANG_WARN_UNGUARDED_AVAILABILITY = YES_AGGRESSIVE;
				CLANG_WARN_UNREACHABLE_CODE = YES;
				CLANG_WARN__DUPLICATE_METHOD_MATCH = YES;
				COPY_PHASE_STRIP = NO;
				DEBUG_INFORMATION_FORMAT = "dwarf-with-dsym";
				ENABLE_NS_ASSERTIONS = NO;
				ENABLE_STRICT_OBJC_MSGSEND = YES;
				GCC_C_LANGUAGE_STANDARD = gnu11;
				GCC_NO_COMMON_BLOCKS = YES;
				GCC_WARN_64_TO_32_BIT_CONVERSION = YES;
				GCC_WARN_ABOUT_RETURN_TYPE = YES_ERROR;
				GCC_WARN_UNDECLARED_SELECTOR = YES;
				GCC_WARN_UNINITIALIZED_AUTOS = YES_AGGRESSIVE;
				GCC_WARN_UNUSED_FUNCTION = YES;
				GCC_WARN_UNUSED_VARIABLE = YES;
				IPHONEOS_DEPLOYMENT_TARGET = 16.1;
				MTL_ENABLE_DEBUG_INFO = NO;
				MTL_FAST_MATH = YES;
				SDKROOT = iphoneos;
				SWIFT_COMPILATION_MODE = wholemodule;
				SWIFT_OPTIMIZATION_LEVEL = "-O";
				VALIDATE_PRODUCT = YES;
			};
			name = Release;
		};
		C36DB01E293C87FD00F7718B /* Debug */ = {
			isa = XCBuildConfiguration;
			buildSettings = {
				ASSETCATALOG_COMPILER_APPICON_NAME = AppIcon;
				ASSETCATALOG_COMPILER_GLOBAL_ACCENT_COLOR_NAME = AccentColor;
				CODE_SIGN_STYLE = Automatic;
				CURRENT_PROJECT_VERSION = 1;
				DEVELOPMENT_ASSET_PATHS = "\"Football/Preview Content\"";
				DEVELOPMENT_TEAM = 56P34HD8J7;
				ENABLE_PREVIEWS = YES;
				GENERATE_INFOPLIST_FILE = YES;
				INFOPLIST_FILE = Football/Info.plist;
				INFOPLIST_KEY_UIApplicationSceneManifest_Generation = YES;
				INFOPLIST_KEY_UIApplicationSupportsIndirectInputEvents = YES;
				INFOPLIST_KEY_UILaunchScreen_Generation = YES;
				INFOPLIST_KEY_UISupportedInterfaceOrientations = UIInterfaceOrientationPortrait;
				INFOPLIST_KEY_UISupportedInterfaceOrientations_iPad = "UIInterfaceOrientationPortrait UIInterfaceOrientationPortraitUpsideDown";
				INFOPLIST_KEY_UIUserInterfaceStyle = Light;
				LD_RUNPATH_SEARCH_PATHS = (
					"$(inherited)",
					"@executable_path/Frameworks",
				);
				MARKETING_VERSION = 1.0;
				PRODUCT_BUNDLE_IDENTIFIER = com.scorp.Football;
				PRODUCT_NAME = "$(TARGET_NAME)";
				SWIFT_EMIT_LOC_STRINGS = YES;
				SWIFT_VERSION = 5.0;
				TARGETED_DEVICE_FAMILY = "1,2";
			};
			name = Debug;
		};
		C36DB01F293C87FD00F7718B /* Release */ = {
			isa = XCBuildConfiguration;
			buildSettings = {
				ASSETCATALOG_COMPILER_APPICON_NAME = AppIcon;
				ASSETCATALOG_COMPILER_GLOBAL_ACCENT_COLOR_NAME = AccentColor;
				CODE_SIGN_STYLE = Automatic;
				CURRENT_PROJECT_VERSION = 1;
				DEVELOPMENT_ASSET_PATHS = "\"Football/Preview Content\"";
				DEVELOPMENT_TEAM = 56P34HD8J7;
				ENABLE_PREVIEWS = YES;
				GENERATE_INFOPLIST_FILE = YES;
				INFOPLIST_FILE = Football/Info.plist;
				INFOPLIST_KEY_UIApplicationSceneManifest_Generation = YES;
				INFOPLIST_KEY_UIApplicationSupportsIndirectInputEvents = YES;
				INFOPLIST_KEY_UILaunchScreen_Generation = YES;
				INFOPLIST_KEY_UISupportedInterfaceOrientations = UIInterfaceOrientationPortrait;
				INFOPLIST_KEY_UISupportedInterfaceOrientations_iPad = "UIInterfaceOrientationPortrait UIInterfaceOrientationPortraitUpsideDown";
				INFOPLIST_KEY_UIUserInterfaceStyle = Light;
				LD_RUNPATH_SEARCH_PATHS = (
					"$(inherited)",
					"@executable_path/Frameworks",
				);
				MARKETING_VERSION = 1.0;
				PRODUCT_BUNDLE_IDENTIFIER = com.scorp.Football;
				PRODUCT_NAME = "$(TARGET_NAME)";
				SWIFT_EMIT_LOC_STRINGS = YES;
				SWIFT_VERSION = 5.0;
				TARGETED_DEVICE_FAMILY = "1,2";
			};
			name = Release;
		};
/* End XCBuildConfiguration section */

/* Begin XCConfigurationList section */
		C36DB00A293C87F800F7718B /* Build configuration list for PBXProject "Football" */ = {
			isa = XCConfigurationList;
			buildConfigurations = (
				C36DB01B293C87FD00F7718B /* Debug */,
				C36DB01C293C87FD00F7718B /* Release */,
			);
			defaultConfigurationIsVisible = 0;
			defaultConfigurationName = Release;
		};
		C36DB01D293C87FD00F7718B /* Build configuration list for PBXNativeTarget "Football" */ = {
			isa = XCConfigurationList;
			buildConfigurations = (
				C36DB01E293C87FD00F7718B /* Debug */,
				C36DB01F293C87FD00F7718B /* Release */,
			);
			defaultConfigurationIsVisible = 0;
			defaultConfigurationName = Release;
		};
/* End XCConfigurationList section */
	};
	rootObject = C36DB007293C87F800F7718B /* Project object */;
}
